{
  "version": 1,
  "dependencies": {
    ".NETStandard,Version=v2.1": {
      "Microsoft.Extensions.Configuration.Abstractions": {
        "type": "Direct",
        "requested": "[8.0.2, )",
        "resolved": "9.0.0",
        "contentHash": "lqvd7W3FGKUO1+ZoUEMaZ5XDJeWvjpy2/M/ptCGz3tXLD4HWVaSzjufsAsjemasBEg+2SxXVtYVvGt5r2nKDlg==",
        "dependencies": {
          "Microsoft.Extensions.Primitives": "9.0.0"
        }
      },
      "Microsoft.Extensions.DependencyInjection.Abstractions": {
        "type": "Direct",
        "requested": "[8.0.2, )",
        "resolved": "8.0.2",
        "contentHash": "3iE7UF7MQkCv1cxzCahz+Y/guQbTqieyxyaWKhrRO91itI9cOKO76OHeQDahqG4MmW5umr3CcCvGmK92lWNlbg=="
      },
      "Microsoft.Extensions.Logging.Abstractions": {
        "type": "Direct",
        "requested": "[8.0.2, )",
        "resolved": "8.0.2",
        "contentHash": "nroMDjS7hNBPtkZqVBbSiQaQjWRDxITI8Y7XnDs97rqG3EbzVTNLZQf7bIeUJcaHOV8bca47s1Uxq94+2oGdxA==",
        "dependencies": {
          "Microsoft.Extensions.DependencyInjection.Abstractions": "8.0.2",
          "System.Diagnostics.DiagnosticSource": "8.0.1"
        }
      },
      "Microsoft.FeatureManagement": {
        "type": "Direct",
        "requested": "[4.4.0, )",
        "resolved": "4.4.0",
        "contentHash": "qxvGAv9WJHYfOpixWywJTa1WNTPy5MbQiv+O+UlE6E/LVofiM1+YRR6m41zsHIbAGm1S0PQ0QFuAsOw9DkoKsg==",
        "dependencies": {
          "Microsoft.Bcl.TimeProvider": "8.0.1",
          "Microsoft.Extensions.Caching.Memory": "8.0.1",
          "Microsoft.Extensions.Configuration": "8.0.0",
          "Microsoft.Extensions.Configuration.Binder": "8.0.2",
          "Microsoft.Extensions.Logging": "8.0.1",
          "System.Diagnostics.DiagnosticSource": "8.0.1"
        }
      },
      "Microsoft.Bcl.AsyncInterfaces": {
        "type": "Transitive",
        "resolved": "8.0.0",
        "contentHash": "3WA9q9yVqJp222P3x1wYIGDAkpjAku0TMUaaQV22g6L67AI0LdOIrVS7Ht2vJfLHGSPVuqN94vIr15qn+HEkHw=="
      },
      "Microsoft.Bcl.TimeProvider": {
        "type": "Transitive",
        "resolved": "8.0.1",
        "contentHash": "C7kWHJnMRY7EvJev2S8+yJHZ1y7A4ZlLbA4NE+O23BDIAN5mHeqND1m+SKv1ChRS5YlCDW7yAMUe7lttRsJaAA==",
        "dependencies": {
          "Microsoft.Bcl.AsyncInterfaces": "8.0.0"
        }
      },
      "Microsoft.Extensions.Caching.Abstractions": {
        "type": "Transitive",
        "resolved": "8.0.0",
        "contentHash": "3KuSxeHoNYdxVYfg2IRZCThcrlJ1XJqIXkAWikCsbm5C/bCjv7G0WoKDyuR98Q+T607QT2Zl5GsbGRkENcV2yQ==",
        "dependencies": {
          "Microsoft.Extensions.Primitives": "8.0.0"
        }
      },
      "Microsoft.Extensions.Caching.Memory": {
        "type": "Transitive",
        "resolved": "8.0.1",
        "contentHash": "HFDnhYLccngrzyGgHkjEDU5FMLn4MpOsr5ElgsBMC4yx6lJh4jeWO7fHS8+TXPq+dgxCmUa/Trl8svObmwW4QA==",
        "dependencies": {
          "Microsoft.Extensions.Caching.Abstractions": "8.0.0",
          "Microsoft.Extensions.DependencyInjection.Abstractions": "8.0.2",
          "Microsoft.Extensions.Logging.Abstractions": "8.0.2",
          "Microsoft.Extensions.Options": "8.0.2",
          "Microsoft.Extensions.Primitives": "8.0.0"
        }
      },
      "Microsoft.Extensions.Configuration": {
        "type": "Transitive",
        "resolved": "8.0.0",
        "contentHash": "0J/9YNXTMWSZP2p2+nvl8p71zpSwokZXZuJW+VjdErkegAnFdO1XlqtA62SJtgVYHdKu3uPxJHcMR/r35HwFBA==",
        "dependencies": {
          "Microsoft.Extensions.Configuration.Abstractions": "8.0.0",
          "Microsoft.Extensions.Primitives": "8.0.0"
        }
      },
      "Microsoft.Extensions.Configuration.Binder": {
        "type": "Transitive",
        "resolved": "8.0.2",
        "contentHash": "7IQhGK+wjyGrNsPBjJcZwWAr+Wf6D4+TwOptUt77bWtgNkiV8tDEbhFS+dDamtQFZ2X7kWG9m71iZQRj2x3zgQ==",
        "dependencies": {
          "Microsoft.Extensions.Configuration.Abstractions": "8.0.0"
        }
      },
      "Microsoft.Extensions.DependencyInjection": {
        "type": "Transitive",
        "resolved": "8.0.1",
        "contentHash": "BmANAnR5Xd4Oqw7yQ75xOAYODybZQRzdeNucg7kS5wWKd2PNnMdYtJ2Vciy0QLylRmv42DGl5+AFL9izA6F1Rw==",
        "dependencies": {
          "Microsoft.Extensions.DependencyInjection.Abstractions": "8.0.2"
        }
      },
      "Microsoft.Extensions.Logging": {
        "type": "Transitive",
        "resolved": "8.0.1",
        "contentHash": "4x+pzsQEbqxhNf1QYRr5TDkLP9UsLT3A6MdRKDDEgrW7h1ljiEPgTNhKYUhNCCAaVpQECVQ+onA91PTPnIp6Lw==",
        "dependencies": {
          "Microsoft.Extensions.DependencyInjection": "8.0.1",
          "Microsoft.Extensions.Logging.Abstractions": "8.0.2",
          "Microsoft.Extensions.Options": "8.0.2",
          "System.Diagnostics.DiagnosticSource": "8.0.1"
        }
      },
      "Microsoft.Extensions.Options": {
        "type": "Transitive",
        "resolved": "8.0.2",
        "contentHash": "dWGKvhFybsaZpGmzkGCbNNwBD1rVlWzrZKANLW/CcbFJpCEceMCGzT7zZwHOGBCbwM0SzBuceMj5HN1LKV1QqA==",
        "dependencies": {
          "Microsoft.Extensions.DependencyInjection.Abstractions": "8.0.0",
          "Microsoft.Extensions.Primitives": "8.0.0",
          "System.ComponentModel.Annotations": "5.0.0"
        }
      },
      "Microsoft.Extensions.Primitives": {
        "type": "Transitive",
        "resolved": "9.0.0",
        "contentHash": "N3qEBzmLMYiASUlKxxFIISP4AiwuPTHF5uCh+2CWSwwzAJiIYx0kBJsS30cp1nvhSySFAVi30jecD307jV+8Kg==",
        "dependencies": {
          "System.Runtime.CompilerServices.Unsafe": "6.0.0"
        }
      },
      "System.ComponentModel.Annotations": {
        "type": "Transitive",
        "resolved": "5.0.0",
        "contentHash": "dMkqfy2el8A8/I76n2Hi1oBFEbG1SfxD2l5nhwXV3XjlnOmwxJlQbYpJH4W51odnU9sARCSAgv7S3CyAFMkpYg=="
      },
      "System.Diagnostics.DiagnosticSource": {
        "type": "Transitive",
        "resolved": "8.0.1",
        "contentHash": "vaoWjvkG1aenR2XdjaVivlCV9fADfgyhW5bZtXT23qaEea0lWiUljdQuze4E31vKM7ZWJaSUsbYIKE3rnzfZUg==",
        "dependencies": {
          "System.Runtime.CompilerServices.Unsafe": "6.0.0"
        }
      },
      "System.Runtime.CompilerServices.Unsafe": {
        "type": "Transitive",
        "resolved": "6.0.0",
        "contentHash": "/iUeP3tq1S0XdNNoMz5C9twLSrM/TH+qElHkXWaPvuNOt+99G75NrV0OS2EqHx5wMN7popYjpc8oTjC1y16DLg=="
      }
    },
    "net10.0": {
      "Microsoft.Extensions.Configuration.Abstractions": {
        "type": "Direct",
        "requested": "[10.0.1, )",
        "resolved": "10.0.1",
        "contentHash": "kPlU11hql+L9RjrN2N9/0GcRcRcZrNFlLLjadasFWeBORT6pL6OE+RYRk90GGCyVGSxTK+e1/f3dsMj5zpFFiQ==",
        "dependencies": {
          "Microsoft.Extensions.Primitives": "10.0.1"
        }
      },
      "Microsoft.Extensions.DependencyInjection.Abstractions": {
        "type": "Direct",
        "requested": "[10.0.1, )",
        "resolved": "10.0.1",
        "contentHash": "oIy8fQxxbUsSrrOvgBqlVgOeCtDmrcynnTG+FQufcUWBrwyPfwlUkCDB2vaiBeYPyT+20u9/HeuHeBf+H4F/8g=="
      },
      "Microsoft.Extensions.Logging.Abstractions": {
        "type": "Direct",
        "requested": "[10.0.1, )",
        "resolved": "10.0.1",
        "contentHash": "YkmyiPIWAXVb+lPIrM0LE5bbtLOJkCiRTFiHpkVOvhI7uTvCfoOHLEN0LcsY56GpSD7NqX3gJNpsaDe87/B3zg==",
        "dependencies": {
          "Microsoft.Extensions.DependencyInjection.Abstractions": "10.0.1"
        }
      },
      "Microsoft.FeatureManagement": {
        "type": "Direct",
        "requested": "[4.4.0, )",
        "resolved": "4.4.0",
        "contentHash": "qxvGAv9WJHYfOpixWywJTa1WNTPy5MbQiv+O+UlE6E/LVofiM1+YRR6m41zsHIbAGm1S0PQ0QFuAsOw9DkoKsg==",
        "dependencies": {
          "Microsoft.Bcl.TimeProvider": "8.0.1",
          "Microsoft.Extensions.Caching.Memory": "8.0.1",
          "Microsoft.Extensions.Configuration": "8.0.0",
          "Microsoft.Extensions.Configuration.Binder": "8.0.2",
          "Microsoft.Extensions.Logging": "8.0.1"
        }
      },
      "Microsoft.Bcl.TimeProvider": {
        "type": "Transitive",
        "resolved": "8.0.1",
        "contentHash": "C7kWHJnMRY7EvJev2S8+yJHZ1y7A4ZlLbA4NE+O23BDIAN5mHeqND1m+SKv1ChRS5YlCDW7yAMUe7lttRsJaAA=="
      },
      "Microsoft.Extensions.Caching.Abstractions": {
        "type": "Transitive",
        "resolved": "8.0.0",
        "contentHash": "3KuSxeHoNYdxVYfg2IRZCThcrlJ1XJqIXkAWikCsbm5C/bCjv7G0WoKDyuR98Q+T607QT2Zl5GsbGRkENcV2yQ==",
        "dependencies": {
          "Microsoft.Extensions.Primitives": "8.0.0"
        }
      },
      "Microsoft.Extensions.Caching.Memory": {
        "type": "Transitive",
        "resolved": "8.0.1",
        "contentHash": "HFDnhYLccngrzyGgHkjEDU5FMLn4MpOsr5ElgsBMC4yx6lJh4jeWO7fHS8+TXPq+dgxCmUa/Trl8svObmwW4QA==",
        "dependencies": {
          "Microsoft.Extensions.Caching.Abstractions": "8.0.0",
          "Microsoft.Extensions.DependencyInjection.Abstractions": "8.0.2",
          "Microsoft.Extensions.Logging.Abstractions": "8.0.2",
          "Microsoft.Extensions.Options": "8.0.2",
          "Microsoft.Extensions.Primitives": "8.0.0"
        }
      },
      "Microsoft.Extensions.Configuration": {
        "type": "Transitive",
        "resolved": "8.0.0",
        "contentHash": "0J/9YNXTMWSZP2p2+nvl8p71zpSwokZXZuJW+VjdErkegAnFdO1XlqtA62SJtgVYHdKu3uPxJHcMR/r35HwFBA==",
        "dependencies": {
          "Microsoft.Extensions.Configuration.Abstractions": "8.0.0",
          "Microsoft.Extensions.Primitives": "8.0.0"
        }
      },
      "Microsoft.Extensions.Configuration.Binder": {
        "type": "Transitive",
        "resolved": "8.0.2",
        "contentHash": "7IQhGK+wjyGrNsPBjJcZwWAr+Wf6D4+TwOptUt77bWtgNkiV8tDEbhFS+dDamtQFZ2X7kWG9m71iZQRj2x3zgQ==",
        "dependencies": {
          "Microsoft.Extensions.Configuration.Abstractions": "8.0.0"
        }
      },
      "Microsoft.Extensions.DependencyInjection": {
        "type": "Transitive",
        "resolved": "8.0.1",
        "contentHash": "BmANAnR5Xd4Oqw7yQ75xOAYODybZQRzdeNucg7kS5wWKd2PNnMdYtJ2Vciy0QLylRmv42DGl5+AFL9izA6F1Rw==",
        "dependencies": {
          "Microsoft.Extensions.DependencyInjection.Abstractions": "8.0.2"
        }
      },
      "Microsoft.Extensions.Logging": {
        "type": "Transitive",
        "resolved": "8.0.1",
        "contentHash": "4x+pzsQEbqxhNf1QYRr5TDkLP9UsLT3A6MdRKDDEgrW7h1ljiEPgTNhKYUhNCCAaVpQECVQ+onA91PTPnIp6Lw==",
        "dependencies": {
          "Microsoft.Extensions.DependencyInjection": "8.0.1",
          "Microsoft.Extensions.Logging.Abstractions": "8.0.2",
          "Microsoft.Extensions.Options": "8.0.2"
        }
      },
      "Microsoft.Extensions.Options": {
        "type": "Transitive",
        "resolved": "8.0.2",
        "contentHash": "dWGKvhFybsaZpGmzkGCbNNwBD1rVlWzrZKANLW/CcbFJpCEceMCGzT7zZwHOGBCbwM0SzBuceMj5HN1LKV1QqA==",
        "dependencies": {
          "Microsoft.Extensions.DependencyInjection.Abstractions": "8.0.0",
          "Microsoft.Extensions.Primitives": "8.0.0"
        }
      },
      "Microsoft.Extensions.Primitives": {
        "type": "Transitive",
        "resolved": "10.0.1",
        "contentHash": "DO8XrJkp5x4PddDuc/CH37yDBCs9BYN6ijlKyR3vMb55BP1Vwh90vOX8bNfnKxr5B2qEI3D8bvbY1fFbDveDHQ=="
      }
    },
    "net8.0": {
      "Microsoft.Extensions.Configuration.Abstractions": {
        "type": "Direct",
        "requested": "[10.0.1, )",
        "resolved": "10.0.1",
        "contentHash": "kPlU11hql+L9RjrN2N9/0GcRcRcZrNFlLLjadasFWeBORT6pL6OE+RYRk90GGCyVGSxTK+e1/f3dsMj5zpFFiQ==",
        "dependencies": {
          "Microsoft.Extensions.Primitives": "10.0.1"
        }
      },
      "Microsoft.Extensions.DependencyInjection.Abstractions": {
        "type": "Direct",
        "requested": "[10.0.1, )",
        "resolved": "10.0.1",
        "contentHash": "oIy8fQxxbUsSrrOvgBqlVgOeCtDmrcynnTG+FQufcUWBrwyPfwlUkCDB2vaiBeYPyT+20u9/HeuHeBf+H4F/8g=="
      },
      "Microsoft.Extensions.Logging.Abstractions": {
        "type": "Direct",
        "requested": "[10.0.1, )",
        "resolved": "10.0.1",
        "contentHash": "YkmyiPIWAXVb+lPIrM0LE5bbtLOJkCiRTFiHpkVOvhI7uTvCfoOHLEN0LcsY56GpSD7NqX3gJNpsaDe87/B3zg==",
        "dependencies": {
          "Microsoft.Extensions.DependencyInjection.Abstractions": "10.0.1",
          "System.Diagnostics.DiagnosticSource": "10.0.1"
        }
      },
      "Microsoft.FeatureManagement": {
        "type": "Direct",
        "requested": "[4.4.0, )",
        "resolved": "4.4.0",
        "contentHash": "qxvGAv9WJHYfOpixWywJTa1WNTPy5MbQiv+O+UlE6E/LVofiM1+YRR6m41zsHIbAGm1S0PQ0QFuAsOw9DkoKsg==",
        "dependencies": {
          "Microsoft.Bcl.TimeProvider": "8.0.1",
          "Microsoft.Extensions.Caching.Memory": "8.0.1",
          "Microsoft.Extensions.Configuration": "8.0.0",
          "Microsoft.Extensions.Configuration.Binder": "8.0.2",
          "Microsoft.Extensions.Logging": "8.0.1"
        }
      },
      "Microsoft.Bcl.TimeProvider": {
        "type": "Transitive",
        "resolved": "8.0.1",
        "contentHash": "C7kWHJnMRY7EvJev2S8+yJHZ1y7A4ZlLbA4NE+O23BDIAN5mHeqND1m+SKv1ChRS5YlCDW7yAMUe7lttRsJaAA=="
      },
      "Microsoft.Extensions.Caching.Abstractions": {
        "type": "Transitive",
        "resolved": "8.0.0",
        "contentHash": "3KuSxeHoNYdxVYfg2IRZCThcrlJ1XJqIXkAWikCsbm5C/bCjv7G0WoKDyuR98Q+T607QT2Zl5GsbGRkENcV2yQ==",
        "dependencies": {
          "Microsoft.Extensions.Primitives": "8.0.0"
        }
      },
      "Microsoft.Extensions.Caching.Memory": {
        "type": "Transitive",
        "resolved": "8.0.1",
        "contentHash": "HFDnhYLccngrzyGgHkjEDU5FMLn4MpOsr5ElgsBMC4yx6lJh4jeWO7fHS8+TXPq+dgxCmUa/Trl8svObmwW4QA==",
        "dependencies": {
          "Microsoft.Extensions.Caching.Abstractions": "8.0.0",
          "Microsoft.Extensions.DependencyInjection.Abstractions": "8.0.2",
          "Microsoft.Extensions.Logging.Abstractions": "8.0.2",
          "Microsoft.Extensions.Options": "8.0.2",
          "Microsoft.Extensions.Primitives": "8.0.0"
        }
      },
      "Microsoft.Extensions.Configuration": {
        "type": "Transitive",
        "resolved": "8.0.0",
        "contentHash": "0J/9YNXTMWSZP2p2+nvl8p71zpSwokZXZuJW+VjdErkegAnFdO1XlqtA62SJtgVYHdKu3uPxJHcMR/r35HwFBA==",
        "dependencies": {
          "Microsoft.Extensions.Configuration.Abstractions": "8.0.0",
          "Microsoft.Extensions.Primitives": "8.0.0"
        }
      },
      "Microsoft.Extensions.Configuration.Binder": {
        "type": "Transitive",
        "resolved": "8.0.2",
        "contentHash": "7IQhGK+wjyGrNsPBjJcZwWAr+Wf6D4+TwOptUt77bWtgNkiV8tDEbhFS+dDamtQFZ2X7kWG9m71iZQRj2x3zgQ==",
        "dependencies": {
          "Microsoft.Extensions.Configuration.Abstractions": "8.0.0"
        }
      },
      "Microsoft.Extensions.DependencyInjection": {
        "type": "Transitive",
        "resolved": "8.0.1",
        "contentHash": "BmANAnR5Xd4Oqw7yQ75xOAYODybZQRzdeNucg7kS5wWKd2PNnMdYtJ2Vciy0QLylRmv42DGl5+AFL9izA6F1Rw==",
        "dependencies": {
          "Microsoft.Extensions.DependencyInjection.Abstractions": "8.0.2"
        }
      },
      "Microsoft.Extensions.Logging": {
        "type": "Transitive",
        "resolved": "8.0.1",
        "contentHash": "4x+pzsQEbqxhNf1QYRr5TDkLP9UsLT3A6MdRKDDEgrW7h1ljiEPgTNhKYUhNCCAaVpQECVQ+onA91PTPnIp6Lw==",
        "dependencies": {
          "Microsoft.Extensions.DependencyInjection": "8.0.1",
          "Microsoft.Extensions.Logging.Abstractions": "8.0.2",
          "Microsoft.Extensions.Options": "8.0.2"
        }
      },
      "Microsoft.Extensions.Options": {
        "type": "Transitive",
        "resolved": "8.0.2",
        "contentHash": "dWGKvhFybsaZpGmzkGCbNNwBD1rVlWzrZKANLW/CcbFJpCEceMCGzT7zZwHOGBCbwM0SzBuceMj5HN1LKV1QqA==",
        "dependencies": {
          "Microsoft.Extensions.DependencyInjection.Abstractions": "8.0.0",
          "Microsoft.Extensions.Primitives": "8.0.0"
        }
      },
      "Microsoft.Extensions.Primitives": {
        "type": "Transitive",
        "resolved": "10.0.1",
        "contentHash": "DO8XrJkp5x4PddDuc/CH37yDBCs9BYN6ijlKyR3vMb55BP1Vwh90vOX8bNfnKxr5B2qEI3D8bvbY1fFbDveDHQ=="
      },
      "System.Diagnostics.DiagnosticSource": {
        "type": "Transitive",
        "resolved": "10.0.1",
        "contentHash": "wVYO4/71Pk177uQ3TG8ZQFS3Pnmr98cF9pYxnpuIb/bMnbEWsdZZoLU/euv29mfSi2/Iuypj0TRUchPk7aqBGg=="
      }
    },
    "net9.0": {
      "Microsoft.Extensions.Configuration.Abstractions": {
        "type": "Direct",
        "requested": "[10.0.1, )",
        "resolved": "10.0.1",
        "contentHash": "kPlU11hql+L9RjrN2N9/0GcRcRcZrNFlLLjadasFWeBORT6pL6OE+RYRk90GGCyVGSxTK+e1/f3dsMj5zpFFiQ==",
        "dependencies": {
          "Microsoft.Extensions.Primitives": "10.0.1"
        }
      },
      "Microsoft.Extensions.DependencyInjection.Abstractions": {
        "type": "Direct",
        "requested": "[10.0.1, )",
        "resolved": "10.0.1",
        "contentHash": "oIy8fQxxbUsSrrOvgBqlVgOeCtDmrcynnTG+FQufcUWBrwyPfwlUkCDB2vaiBeYPyT+20u9/HeuHeBf+H4F/8g=="
      },
      "Microsoft.Extensions.Logging.Abstractions": {
        "type": "Direct",
        "requested": "[10.0.1, )",
        "resolved": "10.0.1",
        "contentHash": "YkmyiPIWAXVb+lPIrM0LE5bbtLOJkCiRTFiHpkVOvhI7uTvCfoOHLEN0LcsY56GpSD7NqX3gJNpsaDe87/B3zg==",
        "dependencies": {
          "Microsoft.Extensions.DependencyInjection.Abstractions": "10.0.1",
          "System.Diagnostics.DiagnosticSource": "10.0.1"
        }
      },
      "Microsoft.FeatureManagement": {
        "type": "Direct",
        "requested": "[4.4.0, )",
        "resolved": "4.4.0",
        "contentHash": "qxvGAv9WJHYfOpixWywJTa1WNTPy5MbQiv+O+UlE6E/LVofiM1+YRR6m41zsHIbAGm1S0PQ0QFuAsOw9DkoKsg==",
        "dependencies": {
          "Microsoft.Bcl.TimeProvider": "8.0.1",
          "Microsoft.Extensions.Caching.Memory": "8.0.1",
          "Microsoft.Extensions.Configuration": "8.0.0",
          "Microsoft.Extensions.Configuration.Binder": "8.0.2",
          "Microsoft.Extensions.Logging": "8.0.1"
        }
      },
      "Microsoft.Bcl.TimeProvider": {
        "type": "Transitive",
        "resolved": "8.0.1",
        "contentHash": "C7kWHJnMRY7EvJev2S8+yJHZ1y7A4ZlLbA4NE+O23BDIAN5mHeqND1m+SKv1ChRS5YlCDW7yAMUe7lttRsJaAA=="
      },
      "Microsoft.Extensions.Caching.Abstractions": {
        "type": "Transitive",
        "resolved": "8.0.0",
        "contentHash": "3KuSxeHoNYdxVYfg2IRZCThcrlJ1XJqIXkAWikCsbm5C/bCjv7G0WoKDyuR98Q+T607QT2Zl5GsbGRkENcV2yQ==",
        "dependencies": {
          "Microsoft.Extensions.Primitives": "8.0.0"
        }
      },
      "Microsoft.Extensions.Caching.Memory": {
        "type": "Transitive",
        "resolved": "8.0.1",
        "contentHash": "HFDnhYLccngrzyGgHkjEDU5FMLn4MpOsr5ElgsBMC4yx6lJh4jeWO7fHS8+TXPq+dgxCmUa/Trl8svObmwW4QA==",
        "dependencies": {
          "Microsoft.Extensions.Caching.Abstractions": "8.0.0",
          "Microsoft.Extensions.DependencyInjection.Abstractions": "8.0.2",
          "Microsoft.Extensions.Logging.Abstractions": "8.0.2",
          "Microsoft.Extensions.Options": "8.0.2",
          "Microsoft.Extensions.Primitives": "8.0.0"
        }
      },
      "Microsoft.Extensions.Configuration": {
        "type": "Transitive",
        "resolved": "8.0.0",
        "contentHash": "0J/9YNXTMWSZP2p2+nvl8p71zpSwokZXZuJW+VjdErkegAnFdO1XlqtA62SJtgVYHdKu3uPxJHcMR/r35HwFBA==",
        "dependencies": {
          "Microsoft.Extensions.Configuration.Abstractions": "8.0.0",
          "Microsoft.Extensions.Primitives": "8.0.0"
        }
      },
      "Microsoft.Extensions.Configuration.Binder": {
        "type": "Transitive",
        "resolved": "8.0.2",
        "contentHash": "7IQhGK+wjyGrNsPBjJcZwWAr+Wf6D4+TwOptUt77bWtgNkiV8tDEbhFS+dDamtQFZ2X7kWG9m71iZQRj2x3zgQ==",
        "dependencies": {
          "Microsoft.Extensions.Configuration.Abstractions": "8.0.0"
        }
      },
      "Microsoft.Extensions.DependencyInjection": {
        "type": "Transitive",
        "resolved": "8.0.1",
        "contentHash": "BmANAnR5Xd4Oqw7yQ75xOAYODybZQRzdeNucg7kS5wWKd2PNnMdYtJ2Vciy0QLylRmv42DGl5+AFL9izA6F1Rw==",
        "dependencies": {
          "Microsoft.Extensions.DependencyInjection.Abstractions": "8.0.2"
        }
      },
      "Microsoft.Extensions.Logging": {
        "type": "Transitive",
        "resolved": "8.0.1",
        "contentHash": "4x+pzsQEbqxhNf1QYRr5TDkLP9UsLT3A6MdRKDDEgrW7h1ljiEPgTNhKYUhNCCAaVpQECVQ+onA91PTPnIp6Lw==",
        "dependencies": {
          "Microsoft.Extensions.DependencyInjection": "8.0.1",
          "Microsoft.Extensions.Logging.Abstractions": "8.0.2",
          "Microsoft.Extensions.Options": "8.0.2"
        }
      },
      "Microsoft.Extensions.Options": {
        "type": "Transitive",
        "resolved": "8.0.2",
        "contentHash": "dWGKvhFybsaZpGmzkGCbNNwBD1rVlWzrZKANLW/CcbFJpCEceMCGzT7zZwHOGBCbwM0SzBuceMj5HN1LKV1QqA==",
        "dependencies": {
          "Microsoft.Extensions.DependencyInjection.Abstractions": "8.0.0",
          "Microsoft.Extensions.Primitives": "8.0.0"
        }
      },
      "Microsoft.Extensions.Primitives": {
        "type": "Transitive",
        "resolved": "10.0.1",
        "contentHash": "DO8XrJkp5x4PddDuc/CH37yDBCs9BYN6ijlKyR3vMb55BP1Vwh90vOX8bNfnKxr5B2qEI3D8bvbY1fFbDveDHQ=="
      },
      "System.Diagnostics.DiagnosticSource": {
        "type": "Transitive",
        "resolved": "10.0.1",
        "contentHash": "wVYO4/71Pk177uQ3TG8ZQFS3Pnmr98cF9pYxnpuIb/bMnbEWsdZZoLU/euv29mfSi2/Iuypj0TRUchPk7aqBGg=="
      }
    }
  }
}